
Microsoft Visual Studio Solution File, Format Version 12.00
# Visual Studio Version 17
VisualStudioVersion = 17.14.36310.24 d17.14
MinimumVisualStudioVersion = 10.0.40219.1
Project("{8BC9CEB8-8B4A-11D0-8D11-00A0C91BC942}") = "MP2_LBYARCH", "MP2_LBYARCH.vcxproj", "{6F0A8B17-242C-4D2C-8F97-2B38F4D8D592}"
EndProject
Global
	GlobalSection(SolutionConfigurationPlatforms) = preSolution
		Debug|x64 = Debug|x64
		Debug|x86 = Debug|x86
		Release|x64 = Release|x64
		Release|x86 = Release|x86
	EndGlobalSection
	GlobalSection(ProjectConfigurationPlatforms) = postSolution
		{6F0A8B17-242C-4D2C-8F97-2B38F4D8D592}.Debug|x64.ActiveCfg = Debug|x64
		{6F0A8B17-242C-4D2C-8F97-2B38F4D8D592}.Debug|x64.Build.0 = Debug|x64
		{6F0A8B17-242C-4D2C-8F97-2B38F4D8D592}.Debug|x86.ActiveCfg = Debug|Win32
		{6F0A8B17-242C-4D2C-8F97-2B38F4D8D592}.Debug|x86.Build.0 = Debug|Win32
		{6F0A8B17-242C-4D2C-8F97-2B38F4D8D592}.Release|x64.ActiveCfg = Release|x64
		{6F0A8B17-242C-4D2C-8F97-2B38F4D8D592}.Release|x64.Build.0 = Release|x64
		{6F0A8B17-242C-4D2C-8F97-2B38F4D8D592}.Release|x86.ActiveCfg = Release|Win32
		{6F0A8B17-242C-4D2C-8F97-2B38F4D8D592}.Release|x86.Build.0 = Release|Win32
	EndGlobalSection
	GlobalSection(SolutionProperties) = preSolution
		HideSolutionNode = FALSE
	EndGlobalSection
	GlobalSection(ExtensibilityGlobals) = postSolution
		SolutionGuid = {0FB2A79D-789E-423F-BB8D-131820336B21}
	EndGlobalSection
EndGlobal
